
Microsoft Visual Studio Solution File, Format Version 12.00
# Visual Studio Version 17
VisualStudioVersion = 17.11.35312.102
MinimumVisualStudioVersion = 10.0.40219.1
Project("{9A19103F-16F7-4668-BE54-9A1E7A4F7556}") = "NewsPage", "NewsPage.csproj", "{B1729C6A-66FB-4D8B-B22D-2790BA855767}"
EndProject
Global
	GlobalSection(SolutionConfigurationPlatforms) = preSolution
		Debug|Any CPU = Debug|Any CPU
		Release|Any CPU = Release|Any CPU
	EndGlobalSection
	GlobalSection(ProjectConfigurationPlatforms) = postSolution
		{B1729C6A-66FB-4D8B-B22D-2790BA855767}.Debug|Any CPU.ActiveCfg = Debug|Any CPU
		{B1729C6A-66FB-4D8B-B22D-2790BA855767}.Debug|Any CPU.Build.0 = Debug|Any CPU
		{B1729C6A-66FB-4D8B-B22D-2790BA855767}.Release|Any CPU.ActiveCfg = Release|Any CPU
		{B1729C6A-66FB-4D8B-B22D-2790BA855767}.Release|Any CPU.Build.0 = Release|Any CPU
	EndGlobalSection
	GlobalSection(SolutionProperties) = preSolution
		HideSolutionNode = FALSE
	EndGlobalSection
	GlobalSection(ExtensibilityGlobals) = postSolution
		SolutionGuid = {850E1DC8-36ED-4DBC-A8F0-0B7F7C005F51}
	EndGlobalSection
EndGlobal
